
Microsoft Visual Studio Solution File, Format Version 12.00
# Visual Studio Version 17
VisualStudioVersion = 17.5.002.0
MinimumVisualStudioVersion = 10.0.40219.1
Project("{9A19103F-16F7-4668-BE54-9A1E7A4F7556}") = "program013a-aritmeticka-posloupnost", "program013a-aritmeticka-posloupnost.csproj", "{5E75DD80-BCD8-42BF-B7B9-414DF5DBEFA3}"
EndProject
Global
	GlobalSection(SolutionConfigurationPlatforms) = preSolution
		Debug|Any CPU = Debug|Any CPU
		Release|Any CPU = Release|Any CPU
	EndGlobalSection
	GlobalSection(ProjectConfigurationPlatforms) = postSolution
		{5E75DD80-BCD8-42BF-B7B9-414DF5DBEFA3}.Debug|Any CPU.ActiveCfg = Debug|Any CPU
		{5E75DD80-BCD8-42BF-B7B9-414DF5DBEFA3}.Debug|Any CPU.Build.0 = Debug|Any CPU
		{5E75DD80-BCD8-42BF-B7B9-414DF5DBEFA3}.Release|Any CPU.ActiveCfg = Release|Any CPU
		{5E75DD80-BCD8-42BF-B7B9-414DF5DBEFA3}.Release|Any CPU.Build.0 = Release|Any CPU
	EndGlobalSection
	GlobalSection(SolutionProperties) = preSolution
		HideSolutionNode = FALSE
	EndGlobalSection
	GlobalSection(ExtensibilityGlobals) = postSolution
		SolutionGuid = {74A5C6C6-32E8-408D-86E2-AAC39DC1B72E}
	EndGlobalSection
EndGlobal
