
Microsoft Visual Studio Solution File, Format Version 12.00
# Visual Studio Version 17
VisualStudioVersion = 17.5.002.0
MinimumVisualStudioVersion = 10.0.40219.1
Project("{9A19103F-16F7-4668-BE54-9A1E7A4F7556}") = "program-005a-maximum-minimum", "program-005a-maximum-minimum.csproj", "{1420B7BF-7113-4393-8B1C-6E1C5ABC1F41}"
EndProject
Global
	GlobalSection(SolutionConfigurationPlatforms) = preSolution
		Debug|Any CPU = Debug|Any CPU
		Release|Any CPU = Release|Any CPU
	EndGlobalSection
	GlobalSection(ProjectConfigurationPlatforms) = postSolution
		{1420B7BF-7113-4393-8B1C-6E1C5ABC1F41}.Debug|Any CPU.ActiveCfg = Debug|Any CPU
		{1420B7BF-7113-4393-8B1C-6E1C5ABC1F41}.Debug|Any CPU.Build.0 = Debug|Any CPU
		{1420B7BF-7113-4393-8B1C-6E1C5ABC1F41}.Release|Any CPU.ActiveCfg = Release|Any CPU
		{1420B7BF-7113-4393-8B1C-6E1C5ABC1F41}.Release|Any CPU.Build.0 = Release|Any CPU
	EndGlobalSection
	GlobalSection(SolutionProperties) = preSolution
		HideSolutionNode = FALSE
	EndGlobalSection
	GlobalSection(ExtensibilityGlobals) = postSolution
		SolutionGuid = {DBD28060-E08B-41A1-ABD7-08E8871B0B7E}
	EndGlobalSection
EndGlobal
