
Microsoft Visual Studio Solution File, Format Version 12.00
# Visual Studio Version 17
VisualStudioVersion = 17.5.002.0
MinimumVisualStudioVersion = 10.0.40219.1
Project("{9A19103F-16F7-4668-BE54-9A1E7A4F7556}") = "OS-Projekt-Kalkulacka", "OS-Projekt-Kalkulacka.csproj", "{7E6F1EB5-9574-4136-A596-966B829A58EF}"
EndProject
Global
	GlobalSection(SolutionConfigurationPlatforms) = preSolution
		Debug|Any CPU = Debug|Any CPU
		Release|Any CPU = Release|Any CPU
	EndGlobalSection
	GlobalSection(ProjectConfigurationPlatforms) = postSolution
		{7E6F1EB5-9574-4136-A596-966B829A58EF}.Debug|Any CPU.ActiveCfg = Debug|Any CPU
		{7E6F1EB5-9574-4136-A596-966B829A58EF}.Debug|Any CPU.Build.0 = Debug|Any CPU
		{7E6F1EB5-9574-4136-A596-966B829A58EF}.Release|Any CPU.ActiveCfg = Release|Any CPU
		{7E6F1EB5-9574-4136-A596-966B829A58EF}.Release|Any CPU.Build.0 = Release|Any CPU
	EndGlobalSection
	GlobalSection(SolutionProperties) = preSolution
		HideSolutionNode = FALSE
	EndGlobalSection
	GlobalSection(ExtensibilityGlobals) = postSolution
		SolutionGuid = {A245C9C9-C2AC-4302-BC0A-940F7492E504}
	EndGlobalSection
EndGlobal
