
Microsoft Visual Studio Solution File, Format Version 12.00
# Visual Studio Version 17
VisualStudioVersion = 17.5.002.0
MinimumVisualStudioVersion = 10.0.40219.1
Project("{9A19103F-16F7-4668-BE54-9A1E7A4F7556}") = "program002-soucet_cifer", "program002-soucet_cifer.csproj", "{F72F36D1-45D9-4AC0-BBEC-7C809A43E6D8}"
EndProject
Global
	GlobalSection(SolutionConfigurationPlatforms) = preSolution
		Debug|Any CPU = Debug|Any CPU
		Release|Any CPU = Release|Any CPU
	EndGlobalSection
	GlobalSection(ProjectConfigurationPlatforms) = postSolution
		{F72F36D1-45D9-4AC0-BBEC-7C809A43E6D8}.Debug|Any CPU.ActiveCfg = Debug|Any CPU
		{F72F36D1-45D9-4AC0-BBEC-7C809A43E6D8}.Debug|Any CPU.Build.0 = Debug|Any CPU
		{F72F36D1-45D9-4AC0-BBEC-7C809A43E6D8}.Release|Any CPU.ActiveCfg = Release|Any CPU
		{F72F36D1-45D9-4AC0-BBEC-7C809A43E6D8}.Release|Any CPU.Build.0 = Release|Any CPU
	EndGlobalSection
	GlobalSection(SolutionProperties) = preSolution
		HideSolutionNode = FALSE
	EndGlobalSection
	GlobalSection(ExtensibilityGlobals) = postSolution
		SolutionGuid = {31A02E9F-4EAE-44D7-8375-BA06100C1A54}
	EndGlobalSection
EndGlobal
